
Microsoft Visual Studio Solution File, Format Version 12.00
# Visual Studio Version 17
VisualStudioVersion = 17.4.33403.182
MinimumVisualStudioVersion = 10.0.40219.1
Project("{FAE04EC0-301F-11D3-BF4B-00C04F79EFBC}") = "CsPySeacher", "CsPySeacher.csproj", "{6495A842-21B1-4C78-B7B6-7F4DAD127F7A}"
EndProject
Global
	GlobalSection(SolutionConfigurationPlatforms) = preSolution
		Debug|Any CPU = Debug|Any CPU
		Release|Any CPU = Release|Any CPU
	EndGlobalSection
	GlobalSection(ProjectConfigurationPlatforms) = postSolution
		{6495A842-21B1-4C78-B7B6-7F4DAD127F7A}.Debug|Any CPU.ActiveCfg = Debug|Any CPU
		{6495A842-21B1-4C78-B7B6-7F4DAD127F7A}.Debug|Any CPU.Build.0 = Debug|Any CPU
		{6495A842-21B1-4C78-B7B6-7F4DAD127F7A}.Release|Any CPU.ActiveCfg = Release|Any CPU
		{6495A842-21B1-4C78-B7B6-7F4DAD127F7A}.Release|Any CPU.Build.0 = Release|Any CPU
	EndGlobalSection
	GlobalSection(SolutionProperties) = preSolution
		HideSolutionNode = FALSE
	EndGlobalSection
	GlobalSection(ExtensibilityGlobals) = postSolution
		SolutionGuid = {0E451D85-D7B0-4F20-8CCC-7E9E1089F50B}
	EndGlobalSection
EndGlobal
